
Microsoft Visual Studio Solution File, Format Version 12.00
# Visual Studio 15
VisualStudioVersion = 15.0.28307.705
MinimumVisualStudioVersion = 10.0.40219.1
Project("{FAE04EC0-301F-11D3-BF4B-00C04F79EFBC}") = "CMC_API_Requester", "CMC_API_Requester\CMC_API_Requester.csproj", "{0E7D9BFF-0AD9-46D3-B00D-A770AA8C2001}"
EndProject
Global
	GlobalSection(SolutionConfigurationPlatforms) = preSolution
		Debug|Any CPU = Debug|Any CPU
		Release|Any CPU = Release|Any CPU
	EndGlobalSection
	GlobalSection(ProjectConfigurationPlatforms) = postSolution
		{0E7D9BFF-0AD9-46D3-B00D-A770AA8C2001}.Debug|Any CPU.ActiveCfg = Debug|Any CPU
		{0E7D9BFF-0AD9-46D3-B00D-A770AA8C2001}.Debug|Any CPU.Build.0 = Debug|Any CPU
		{0E7D9BFF-0AD9-46D3-B00D-A770AA8C2001}.Release|Any CPU.ActiveCfg = Release|Any CPU
		{0E7D9BFF-0AD9-46D3-B00D-A770AA8C2001}.Release|Any CPU.Build.0 = Release|Any CPU
	EndGlobalSection
	GlobalSection(SolutionProperties) = preSolution
		HideSolutionNode = FALSE
	EndGlobalSection
	GlobalSection(ExtensibilityGlobals) = postSolution
		SolutionGuid = {BAB401CA-F731-4A87-99C8-547E84476220}
	EndGlobalSection
EndGlobal
